
Microsoft Visual Studio Solution File, Format Version 12.00
# Visual Studio Version 17
VisualStudioVersion = 17.0.31903.59
MinimumVisualStudioVersion = 10.0.40219.1
Project("{2150E333-8FDC-42A3-9474-1A3956D46DE8}") = "src", "src", "{EC7884E4-2D10-4B59-BFC0-0B08ABA676A4}"
EndProject
Project("{FAE04EC0-301F-11D3-BF4B-00C04F79EFBC}") = "Track_MS.Data", "src\Track_MS.Data\Track_MS.Data.csproj", "{71228FE2-34F4-420B-BC56-EFC455A76942}"
EndProject
Project("{FAE04EC0-301F-11D3-BF4B-00C04F79EFBC}") = "Track_MS.Web", "src\Track_MS.Web\Track_MS.Web.csproj", "{1B59D61B-F11C-41CA-9935-E27DE186D4D0}"
EndProject
Project("{FAE04EC0-301F-11D3-BF4B-00C04F79EFBC}") = "Track_MS.Services", "src\Track_MS.Services\Track_MS.Services.csproj", "{145F8298-6C09-4186-9C29-52C2617AF8F3}"
EndProject
Global
	GlobalSection(SolutionConfigurationPlatforms) = preSolution
		Debug|Any CPU = Debug|Any CPU
		Release|Any CPU = Release|Any CPU
	EndGlobalSection
	GlobalSection(SolutionProperties) = preSolution
		HideSolutionNode = FALSE
	EndGlobalSection
	GlobalSection(ProjectConfigurationPlatforms) = postSolution
		{71228FE2-34F4-420B-BC56-EFC455A76942}.Debug|Any CPU.ActiveCfg = Debug|Any CPU
		{71228FE2-34F4-420B-BC56-EFC455A76942}.Debug|Any CPU.Build.0 = Debug|Any CPU
		{71228FE2-34F4-420B-BC56-EFC455A76942}.Release|Any CPU.ActiveCfg = Release|Any CPU
		{71228FE2-34F4-420B-BC56-EFC455A76942}.Release|Any CPU.Build.0 = Release|Any CPU
		{1B59D61B-F11C-41CA-9935-E27DE186D4D0}.Debug|Any CPU.ActiveCfg = Debug|Any CPU
		{1B59D61B-F11C-41CA-9935-E27DE186D4D0}.Debug|Any CPU.Build.0 = Debug|Any CPU
		{1B59D61B-F11C-41CA-9935-E27DE186D4D0}.Release|Any CPU.ActiveCfg = Release|Any CPU
		{1B59D61B-F11C-41CA-9935-E27DE186D4D0}.Release|Any CPU.Build.0 = Release|Any CPU
		{145F8298-6C09-4186-9C29-52C2617AF8F3}.Debug|Any CPU.ActiveCfg = Debug|Any CPU
		{145F8298-6C09-4186-9C29-52C2617AF8F3}.Debug|Any CPU.Build.0 = Debug|Any CPU
		{145F8298-6C09-4186-9C29-52C2617AF8F3}.Release|Any CPU.ActiveCfg = Release|Any CPU
		{145F8298-6C09-4186-9C29-52C2617AF8F3}.Release|Any CPU.Build.0 = Release|Any CPU
	EndGlobalSection
	GlobalSection(NestedProjects) = preSolution
		{71228FE2-34F4-420B-BC56-EFC455A76942} = {EC7884E4-2D10-4B59-BFC0-0B08ABA676A4}
		{1B59D61B-F11C-41CA-9935-E27DE186D4D0} = {EC7884E4-2D10-4B59-BFC0-0B08ABA676A4}
		{145F8298-6C09-4186-9C29-52C2617AF8F3} = {EC7884E4-2D10-4B59-BFC0-0B08ABA676A4}
	EndGlobalSection
EndGlobal
